
Microsoft Visual Studio Solution File, Format Version 12.00
# Visual Studio 15
VisualStudioVersion = 15.0.26124.0
MinimumVisualStudioVersion = 15.0.26124.0
Project("{FAE04EC0-301F-11D3-BF4B-00C04F79EFBC}") = "Penguin.Reflection.Serialization.Abstractions.Local", "Penguin.Reflection.Serialization.Abstractions.Local.csproj", "{3FF5A6D7-2BDC-450A-ABB1-FA1ECDE36DBE}"
EndProject
Project("{FAE04EC0-301F-11D3-BF4B-00C04F79EFBC}") = "Penguin.Reflection.Local", "..\Penguin.Reflection\Penguin.Reflection.Local.csproj", "{ADAA5735-7166-4B66-BA0E-85492E84F24A}"
EndProject
Project("{FAE04EC0-301F-11D3-BF4B-00C04F79EFBC}") = "Penguin.Debugging.Local", "..\Penguin.Debugging\Penguin.Debugging.Local.csproj", "{03E80389-EA93-48C7-896D-A341D41506AB}"
EndProject
Project("{FAE04EC0-301F-11D3-BF4B-00C04F79EFBC}") = "Penguin.Extensions.Exceptions.Local", "..\Penguin.Extensions.Exceptions\Penguin.Extensions.Exceptions.Local.csproj", "{21467317-B323-42DA-860A-A55C01E12346}"
EndProject
Project("{FAE04EC0-301F-11D3-BF4B-00C04F79EFBC}") = "Penguin.Reflection.Abstractions.Local", "..\Penguin.Reflection.Abstractions\Penguin.Reflection.Abstractions.Local.csproj", "{64626C54-882D-43B6-8CF2-AFA9DEFD8D4D}"
EndProject
Project("{FAE04EC0-301F-11D3-BF4B-00C04F79EFBC}") = "Penguin.Reflection.Extensions.Local", "..\Penguin.Reflection.Extensions\Penguin.Reflection.Extensions.Local.csproj", "{3EB57269-BD53-40B4-9A25-761E9C7E56E8}"
EndProject
Project("{FAE04EC0-301F-11D3-BF4B-00C04F79EFBC}") = "Penguin.Extensions.String.Local", "..\Penguin.Extensions.String\Penguin.Extensions.String.Local.csproj", "{14B251DC-A3D8-4A19-9637-1EC80A499FCA}"
EndProject
Global
	GlobalSection(SolutionConfigurationPlatforms) = preSolution
		Debug|Any CPU = Debug|Any CPU
		Debug|x64 = Debug|x64
		Debug|x86 = Debug|x86
		Release|Any CPU = Release|Any CPU
		Release|x64 = Release|x64
		Release|x86 = Release|x86
	EndGlobalSection
	GlobalSection(SolutionProperties) = preSolution
		HideSolutionNode = FALSE
	EndGlobalSection
	GlobalSection(ProjectConfigurationPlatforms) = postSolution
		{3FF5A6D7-2BDC-450A-ABB1-FA1ECDE36DBE}.Debug|Any CPU.ActiveCfg = Debug|Any CPU
		{3FF5A6D7-2BDC-450A-ABB1-FA1ECDE36DBE}.Debug|Any CPU.Build.0 = Debug|Any CPU
		{3FF5A6D7-2BDC-450A-ABB1-FA1ECDE36DBE}.Debug|x64.ActiveCfg = Debug|Any CPU
		{3FF5A6D7-2BDC-450A-ABB1-FA1ECDE36DBE}.Debug|x64.Build.0 = Debug|Any CPU
		{3FF5A6D7-2BDC-450A-ABB1-FA1ECDE36DBE}.Debug|x86.ActiveCfg = Debug|Any CPU
		{3FF5A6D7-2BDC-450A-ABB1-FA1ECDE36DBE}.Debug|x86.Build.0 = Debug|Any CPU
		{3FF5A6D7-2BDC-450A-ABB1-FA1ECDE36DBE}.Release|Any CPU.ActiveCfg = Release|Any CPU
		{3FF5A6D7-2BDC-450A-ABB1-FA1ECDE36DBE}.Release|Any CPU.Build.0 = Release|Any CPU
		{3FF5A6D7-2BDC-450A-ABB1-FA1ECDE36DBE}.Release|x64.ActiveCfg = Release|Any CPU
		{3FF5A6D7-2BDC-450A-ABB1-FA1ECDE36DBE}.Release|x64.Build.0 = Release|Any CPU
		{3FF5A6D7-2BDC-450A-ABB1-FA1ECDE36DBE}.Release|x86.ActiveCfg = Release|Any CPU
		{3FF5A6D7-2BDC-450A-ABB1-FA1ECDE36DBE}.Release|x86.Build.0 = Release|Any CPU
		{ADAA5735-7166-4B66-BA0E-85492E84F24A}.Debug|Any CPU.ActiveCfg = Debug|Any CPU
		{ADAA5735-7166-4B66-BA0E-85492E84F24A}.Debug|Any CPU.Build.0 = Debug|Any CPU
		{ADAA5735-7166-4B66-BA0E-85492E84F24A}.Debug|x64.ActiveCfg = Debug|Any CPU
		{ADAA5735-7166-4B66-BA0E-85492E84F24A}.Debug|x64.Build.0 = Debug|Any CPU
		{ADAA5735-7166-4B66-BA0E-85492E84F24A}.Debug|x86.ActiveCfg = Debug|Any CPU
		{ADAA5735-7166-4B66-BA0E-85492E84F24A}.Debug|x86.Build.0 = Debug|Any CPU
		{ADAA5735-7166-4B66-BA0E-85492E84F24A}.Release|Any CPU.ActiveCfg = Release|Any CPU
		{ADAA5735-7166-4B66-BA0E-85492E84F24A}.Release|Any CPU.Build.0 = Release|Any CPU
		{ADAA5735-7166-4B66-BA0E-85492E84F24A}.Release|x64.ActiveCfg = Release|Any CPU
		{ADAA5735-7166-4B66-BA0E-85492E84F24A}.Release|x64.Build.0 = Release|Any CPU
		{ADAA5735-7166-4B66-BA0E-85492E84F24A}.Release|x86.ActiveCfg = Release|Any CPU
		{ADAA5735-7166-4B66-BA0E-85492E84F24A}.Release|x86.Build.0 = Release|Any CPU
		{03E80389-EA93-48C7-896D-A341D41506AB}.Debug|Any CPU.ActiveCfg = Debug|Any CPU
		{03E80389-EA93-48C7-896D-A341D41506AB}.Debug|Any CPU.Build.0 = Debug|Any CPU
		{03E80389-EA93-48C7-896D-A341D41506AB}.Debug|x64.ActiveCfg = Debug|Any CPU
		{03E80389-EA93-48C7-896D-A341D41506AB}.Debug|x64.Build.0 = Debug|Any CPU
		{03E80389-EA93-48C7-896D-A341D41506AB}.Debug|x86.ActiveCfg = Debug|Any CPU
		{03E80389-EA93-48C7-896D-A341D41506AB}.Debug|x86.Build.0 = Debug|Any CPU
		{03E80389-EA93-48C7-896D-A341D41506AB}.Release|Any CPU.ActiveCfg = Release|Any CPU
		{03E80389-EA93-48C7-896D-A341D41506AB}.Release|Any CPU.Build.0 = Release|Any CPU
		{03E80389-EA93-48C7-896D-A341D41506AB}.Release|x64.ActiveCfg = Release|Any CPU
		{03E80389-EA93-48C7-896D-A341D41506AB}.Release|x64.Build.0 = Release|Any CPU
		{03E80389-EA93-48C7-896D-A341D41506AB}.Release|x86.ActiveCfg = Release|Any CPU
		{03E80389-EA93-48C7-896D-A341D41506AB}.Release|x86.Build.0 = Release|Any CPU
		{21467317-B323-42DA-860A-A55C01E12346}.Debug|Any CPU.ActiveCfg = Debug|Any CPU
		{21467317-B323-42DA-860A-A55C01E12346}.Debug|Any CPU.Build.0 = Debug|Any CPU
		{21467317-B323-42DA-860A-A55C01E12346}.Debug|x64.ActiveCfg = Debug|Any CPU
		{21467317-B323-42DA-860A-A55C01E12346}.Debug|x64.Build.0 = Debug|Any CPU
		{21467317-B323-42DA-860A-A55C01E12346}.Debug|x86.ActiveCfg = Debug|Any CPU
		{21467317-B323-42DA-860A-A55C01E12346}.Debug|x86.Build.0 = Debug|Any CPU
		{21467317-B323-42DA-860A-A55C01E12346}.Release|Any CPU.ActiveCfg = Release|Any CPU
		{21467317-B323-42DA-860A-A55C01E12346}.Release|Any CPU.Build.0 = Release|Any CPU
		{21467317-B323-42DA-860A-A55C01E12346}.Release|x64.ActiveCfg = Release|Any CPU
		{21467317-B323-42DA-860A-A55C01E12346}.Release|x64.Build.0 = Release|Any CPU
		{21467317-B323-42DA-860A-A55C01E12346}.Release|x86.ActiveCfg = Release|Any CPU
		{21467317-B323-42DA-860A-A55C01E12346}.Release|x86.Build.0 = Release|Any CPU
		{64626C54-882D-43B6-8CF2-AFA9DEFD8D4D}.Debug|Any CPU.ActiveCfg = Debug|Any CPU
		{64626C54-882D-43B6-8CF2-AFA9DEFD8D4D}.Debug|Any CPU.Build.0 = Debug|Any CPU
		{64626C54-882D-43B6-8CF2-AFA9DEFD8D4D}.Debug|x64.ActiveCfg = Debug|Any CPU
		{64626C54-882D-43B6-8CF2-AFA9DEFD8D4D}.Debug|x64.Build.0 = Debug|Any CPU
		{64626C54-882D-43B6-8CF2-AFA9DEFD8D4D}.Debug|x86.ActiveCfg = Debug|Any CPU
		{64626C54-882D-43B6-8CF2-AFA9DEFD8D4D}.Debug|x86.Build.0 = Debug|Any CPU
		{64626C54-882D-43B6-8CF2-AFA9DEFD8D4D}.Release|Any CPU.ActiveCfg = Release|Any CPU
		{64626C54-882D-43B6-8CF2-AFA9DEFD8D4D}.Release|Any CPU.Build.0 = Release|Any CPU
		{64626C54-882D-43B6-8CF2-AFA9DEFD8D4D}.Release|x64.ActiveCfg = Release|Any CPU
		{64626C54-882D-43B6-8CF2-AFA9DEFD8D4D}.Release|x64.Build.0 = Release|Any CPU
		{64626C54-882D-43B6-8CF2-AFA9DEFD8D4D}.Release|x86.ActiveCfg = Release|Any CPU
		{64626C54-882D-43B6-8CF2-AFA9DEFD8D4D}.Release|x86.Build.0 = Release|Any CPU
		{3EB57269-BD53-40B4-9A25-761E9C7E56E8}.Debug|Any CPU.ActiveCfg = Debug|Any CPU
		{3EB57269-BD53-40B4-9A25-761E9C7E56E8}.Debug|Any CPU.Build.0 = Debug|Any CPU
		{3EB57269-BD53-40B4-9A25-761E9C7E56E8}.Debug|x64.ActiveCfg = Debug|Any CPU
		{3EB57269-BD53-40B4-9A25-761E9C7E56E8}.Debug|x64.Build.0 = Debug|Any CPU
		{3EB57269-BD53-40B4-9A25-761E9C7E56E8}.Debug|x86.ActiveCfg = Debug|Any CPU
		{3EB57269-BD53-40B4-9A25-761E9C7E56E8}.Debug|x86.Build.0 = Debug|Any CPU
		{3EB57269-BD53-40B4-9A25-761E9C7E56E8}.Release|Any CPU.ActiveCfg = Release|Any CPU
		{3EB57269-BD53-40B4-9A25-761E9C7E56E8}.Release|Any CPU.Build.0 = Release|Any CPU
		{3EB57269-BD53-40B4-9A25-761E9C7E56E8}.Release|x64.ActiveCfg = Release|Any CPU
		{3EB57269-BD53-40B4-9A25-761E9C7E56E8}.Release|x64.Build.0 = Release|Any CPU
		{3EB57269-BD53-40B4-9A25-761E9C7E56E8}.Release|x86.ActiveCfg = Release|Any CPU
		{3EB57269-BD53-40B4-9A25-761E9C7E56E8}.Release|x86.Build.0 = Release|Any CPU
		{14B251DC-A3D8-4A19-9637-1EC80A499FCA}.Debug|Any CPU.ActiveCfg = Debug|Any CPU
		{14B251DC-A3D8-4A19-9637-1EC80A499FCA}.Debug|Any CPU.Build.0 = Debug|Any CPU
		{14B251DC-A3D8-4A19-9637-1EC80A499FCA}.Debug|x64.ActiveCfg = Debug|Any CPU
		{14B251DC-A3D8-4A19-9637-1EC80A499FCA}.Debug|x64.Build.0 = Debug|Any CPU
		{14B251DC-A3D8-4A19-9637-1EC80A499FCA}.Debug|x86.ActiveCfg = Debug|Any CPU
		{14B251DC-A3D8-4A19-9637-1EC80A499FCA}.Debug|x86.Build.0 = Debug|Any CPU
		{14B251DC-A3D8-4A19-9637-1EC80A499FCA}.Release|Any CPU.ActiveCfg = Release|Any CPU
		{14B251DC-A3D8-4A19-9637-1EC80A499FCA}.Release|Any CPU.Build.0 = Release|Any CPU
		{14B251DC-A3D8-4A19-9637-1EC80A499FCA}.Release|x64.ActiveCfg = Release|Any CPU
		{14B251DC-A3D8-4A19-9637-1EC80A499FCA}.Release|x64.Build.0 = Release|Any CPU
		{14B251DC-A3D8-4A19-9637-1EC80A499FCA}.Release|x86.ActiveCfg = Release|Any CPU
		{14B251DC-A3D8-4A19-9637-1EC80A499FCA}.Release|x86.Build.0 = Release|Any CPU
	EndGlobalSection
EndGlobal
