
Microsoft Visual Studio Solution File, Format Version 12.00
# Visual Studio Version 16
VisualStudioVersion = 16.0.29230.47
MinimumVisualStudioVersion = 10.0.40219.1
Project("{9A19103F-16F7-4668-BE54-9A1E7A4F7556}") = "Penguin.Reflection.Serialization.Abstractions", "Penguin.Reflection.Serialization.Abstractions.csproj", "{3691211C-8140-4624-B99D-41D14C2D1AED}"
EndProject
Global
	GlobalSection(SolutionConfigurationPlatforms) = preSolution
		Debug|Any CPU = Debug|Any CPU
		Release|Any CPU = Release|Any CPU
	EndGlobalSection
	GlobalSection(ProjectConfigurationPlatforms) = postSolution
		{3691211C-8140-4624-B99D-41D14C2D1AED}.Debug|Any CPU.ActiveCfg = Debug|Any CPU
		{3691211C-8140-4624-B99D-41D14C2D1AED}.Debug|Any CPU.Build.0 = Debug|Any CPU
		{3691211C-8140-4624-B99D-41D14C2D1AED}.Release|Any CPU.ActiveCfg = Release|Any CPU
		{3691211C-8140-4624-B99D-41D14C2D1AED}.Release|Any CPU.Build.0 = Release|Any CPU
	EndGlobalSection
	GlobalSection(SolutionProperties) = preSolution
		HideSolutionNode = FALSE
	EndGlobalSection
	GlobalSection(ExtensibilityGlobals) = postSolution
		SolutionGuid = {E270699B-F988-434A-A1B4-88F95931E3C2}
	EndGlobalSection
EndGlobal
